
Microsoft Visual Studio Solution File, Format Version 12.00
# Visual Studio Version 17
VisualStudioVersion = 17.4.33122.133
MinimumVisualStudioVersion = 10.0.40219.1
Project("{FAE04EC0-301F-11D3-BF4B-00C04F79EFBC}") = "ExceptionBenchmark.WebApi", "ExceptionBenchmark.WebApi\ExceptionBenchmark.WebApi.csproj", "{3EF6E364-66CD-4853-BCAB-CEC741628DBD}"
EndProject
Project("{FAE04EC0-301F-11D3-BF4B-00C04F79EFBC}") = "ExceptionBenchmark.Console", "ExceptionBenchmark.Console\ExceptionBenchmark.Console.csproj", "{8618638B-FE30-4213-857B-F6419F165E6F}"
EndProject
Project("{FAE04EC0-301F-11D3-BF4B-00C04F79EFBC}") = "ExceptionBenchmark.Common", "ExceptionBenchmark.Common\ExceptionBenchmark.Common.csproj", "{4A839383-FF11-43C7-BEA1-6FA05AB9C4F1}"
EndProject
Global
	GlobalSection(SolutionConfigurationPlatforms) = preSolution
		Debug|Any CPU = Debug|Any CPU
		Release|Any CPU = Release|Any CPU
	EndGlobalSection
	GlobalSection(ProjectConfigurationPlatforms) = postSolution
		{3EF6E364-66CD-4853-BCAB-CEC741628DBD}.Debug|Any CPU.ActiveCfg = Debug|Any CPU
		{3EF6E364-66CD-4853-BCAB-CEC741628DBD}.Debug|Any CPU.Build.0 = Debug|Any CPU
		{3EF6E364-66CD-4853-BCAB-CEC741628DBD}.Release|Any CPU.ActiveCfg = Release|Any CPU
		{3EF6E364-66CD-4853-BCAB-CEC741628DBD}.Release|Any CPU.Build.0 = Release|Any CPU
		{8618638B-FE30-4213-857B-F6419F165E6F}.Debug|Any CPU.ActiveCfg = Debug|Any CPU
		{8618638B-FE30-4213-857B-F6419F165E6F}.Debug|Any CPU.Build.0 = Debug|Any CPU
		{8618638B-FE30-4213-857B-F6419F165E6F}.Release|Any CPU.ActiveCfg = Release|Any CPU
		{8618638B-FE30-4213-857B-F6419F165E6F}.Release|Any CPU.Build.0 = Release|Any CPU
		{4A839383-FF11-43C7-BEA1-6FA05AB9C4F1}.Debug|Any CPU.ActiveCfg = Debug|Any CPU
		{4A839383-FF11-43C7-BEA1-6FA05AB9C4F1}.Debug|Any CPU.Build.0 = Debug|Any CPU
		{4A839383-FF11-43C7-BEA1-6FA05AB9C4F1}.Release|Any CPU.ActiveCfg = Release|Any CPU
		{4A839383-FF11-43C7-BEA1-6FA05AB9C4F1}.Release|Any CPU.Build.0 = Release|Any CPU
	EndGlobalSection
	GlobalSection(SolutionProperties) = preSolution
		HideSolutionNode = FALSE
	EndGlobalSection
	GlobalSection(ExtensibilityGlobals) = postSolution
		SolutionGuid = {89A32FBE-4F17-411B-B7D8-EBC0AAA269F2}
	EndGlobalSection
EndGlobal
